
Microsoft Visual Studio Solution File, Format Version 12.00
# Visual Studio Version 16
VisualStudioVersion = 16.0.31205.134
MinimumVisualStudioVersion = 10.0.40219.1
Project("{FAE04EC0-301F-11D3-BF4B-00C04F79EFBC}") = "P4 PROJEKT NR-1", "P4 PROJEKT NR-1.csproj", "{B3A9074F-2526-40C0-BAA1-3259EF9E647E}"
EndProject
Global
	GlobalSection(SolutionConfigurationPlatforms) = preSolution
		Debug|Any CPU = Debug|Any CPU
		Release|Any CPU = Release|Any CPU
	EndGlobalSection
	GlobalSection(ProjectConfigurationPlatforms) = postSolution
		{B3A9074F-2526-40C0-BAA1-3259EF9E647E}.Debug|Any CPU.ActiveCfg = Debug|Any CPU
		{B3A9074F-2526-40C0-BAA1-3259EF9E647E}.Debug|Any CPU.Build.0 = Debug|Any CPU
		{B3A9074F-2526-40C0-BAA1-3259EF9E647E}.Release|Any CPU.ActiveCfg = Release|Any CPU
		{B3A9074F-2526-40C0-BAA1-3259EF9E647E}.Release|Any CPU.Build.0 = Release|Any CPU
	EndGlobalSection
	GlobalSection(SolutionProperties) = preSolution
		HideSolutionNode = FALSE
	EndGlobalSection
	GlobalSection(ExtensibilityGlobals) = postSolution
		SolutionGuid = {02A17758-CBC7-4393-BE5C-54ED14F43462}
	EndGlobalSection
EndGlobal
